
Microsoft Visual Studio Solution File, Format Version 12.00
# Visual Studio Version 16
VisualStudioVersion = 16.0.29503.13
MinimumVisualStudioVersion = 10.0.40219.1
Project("{FAE04EC0-301F-11D3-BF4B-00C04F79EFBC}") = "PB17EXAM", "PB17EXAM\PB17EXAM.csproj", "{C5D9F1F8-B64F-4F16-ACE1-ED82E36686A3}"
EndProject
Global
	GlobalSection(SolutionConfigurationPlatforms) = preSolution
		Debug|Any CPU = Debug|Any CPU
		Release|Any CPU = Release|Any CPU
	EndGlobalSection
	GlobalSection(ProjectConfigurationPlatforms) = postSolution
		{C5D9F1F8-B64F-4F16-ACE1-ED82E36686A3}.Debug|Any CPU.ActiveCfg = Debug|Any CPU
		{C5D9F1F8-B64F-4F16-ACE1-ED82E36686A3}.Debug|Any CPU.Build.0 = Debug|Any CPU
		{C5D9F1F8-B64F-4F16-ACE1-ED82E36686A3}.Release|Any CPU.ActiveCfg = Release|Any CPU
		{C5D9F1F8-B64F-4F16-ACE1-ED82E36686A3}.Release|Any CPU.Build.0 = Release|Any CPU
	EndGlobalSection
	GlobalSection(SolutionProperties) = preSolution
		HideSolutionNode = FALSE
	EndGlobalSection
	GlobalSection(ExtensibilityGlobals) = postSolution
		SolutionGuid = {90B1E942-2BED-4C26-B751-2867CD4E31F9}
	EndGlobalSection
EndGlobal
