
Microsoft Visual Studio Solution File, Format Version 12.00
# Visual Studio Version 16
VisualStudioVersion = 16.0.29503.13
MinimumVisualStudioVersion = 10.0.40219.1
Project("{FAE04EC0-301F-11D3-BF4B-00C04F79EFBC}") = "PB6EXAM", "PB6EXAM\PB6EXAM.csproj", "{D2A75378-5F4B-4F83-B349-13307A4876DC}"
EndProject
Global
	GlobalSection(SolutionConfigurationPlatforms) = preSolution
		Debug|Any CPU = Debug|Any CPU
		Release|Any CPU = Release|Any CPU
	EndGlobalSection
	GlobalSection(ProjectConfigurationPlatforms) = postSolution
		{D2A75378-5F4B-4F83-B349-13307A4876DC}.Debug|Any CPU.ActiveCfg = Debug|Any CPU
		{D2A75378-5F4B-4F83-B349-13307A4876DC}.Debug|Any CPU.Build.0 = Debug|Any CPU
		{D2A75378-5F4B-4F83-B349-13307A4876DC}.Release|Any CPU.ActiveCfg = Release|Any CPU
		{D2A75378-5F4B-4F83-B349-13307A4876DC}.Release|Any CPU.Build.0 = Release|Any CPU
	EndGlobalSection
	GlobalSection(SolutionProperties) = preSolution
		HideSolutionNode = FALSE
	EndGlobalSection
	GlobalSection(ExtensibilityGlobals) = postSolution
		SolutionGuid = {72AD585B-A8CC-46A2-B0AC-09D4EA34A290}
	EndGlobalSection
EndGlobal
