
Microsoft Visual Studio Solution File, Format Version 12.00
# Visual Studio Version 16
VisualStudioVersion = 16.0.29503.13
MinimumVisualStudioVersion = 10.0.40219.1
Project("{FAE04EC0-301F-11D3-BF4B-00C04F79EFBC}") = "PB7EXAM", "PB7EXAM\PB7EXAM.csproj", "{DC255189-FCD9-4291-8E63-797C24E697F1}"
EndProject
Global
	GlobalSection(SolutionConfigurationPlatforms) = preSolution
		Debug|Any CPU = Debug|Any CPU
		Release|Any CPU = Release|Any CPU
	EndGlobalSection
	GlobalSection(ProjectConfigurationPlatforms) = postSolution
		{DC255189-FCD9-4291-8E63-797C24E697F1}.Debug|Any CPU.ActiveCfg = Debug|Any CPU
		{DC255189-FCD9-4291-8E63-797C24E697F1}.Debug|Any CPU.Build.0 = Debug|Any CPU
		{DC255189-FCD9-4291-8E63-797C24E697F1}.Release|Any CPU.ActiveCfg = Release|Any CPU
		{DC255189-FCD9-4291-8E63-797C24E697F1}.Release|Any CPU.Build.0 = Release|Any CPU
	EndGlobalSection
	GlobalSection(SolutionProperties) = preSolution
		HideSolutionNode = FALSE
	EndGlobalSection
	GlobalSection(ExtensibilityGlobals) = postSolution
		SolutionGuid = {FF8CA39B-F83C-44EA-B835-8F5C8F4866E2}
	EndGlobalSection
EndGlobal
