
Microsoft Visual Studio Solution File, Format Version 12.00
# Visual Studio Version 16
VisualStudioVersion = 16.0.29503.13
MinimumVisualStudioVersion = 10.0.40219.1
Project("{FAE04EC0-301F-11D3-BF4B-00C04F79EFBC}") = "PB13EXAM", "PB13EXAM\PB13EXAM.csproj", "{115BBA6B-B3AF-4246-A5DA-7425B73BD6A7}"
EndProject
Global
	GlobalSection(SolutionConfigurationPlatforms) = preSolution
		Debug|Any CPU = Debug|Any CPU
		Release|Any CPU = Release|Any CPU
	EndGlobalSection
	GlobalSection(ProjectConfigurationPlatforms) = postSolution
		{115BBA6B-B3AF-4246-A5DA-7425B73BD6A7}.Debug|Any CPU.ActiveCfg = Debug|Any CPU
		{115BBA6B-B3AF-4246-A5DA-7425B73BD6A7}.Debug|Any CPU.Build.0 = Debug|Any CPU
		{115BBA6B-B3AF-4246-A5DA-7425B73BD6A7}.Release|Any CPU.ActiveCfg = Release|Any CPU
		{115BBA6B-B3AF-4246-A5DA-7425B73BD6A7}.Release|Any CPU.Build.0 = Release|Any CPU
	EndGlobalSection
	GlobalSection(SolutionProperties) = preSolution
		HideSolutionNode = FALSE
	EndGlobalSection
	GlobalSection(ExtensibilityGlobals) = postSolution
		SolutionGuid = {A1044FF6-F799-4292-A75F-541413AF54FE}
	EndGlobalSection
EndGlobal
