
Microsoft Visual Studio Solution File, Format Version 12.00
# Visual Studio Version 16
VisualStudioVersion = 16.0.29503.13
MinimumVisualStudioVersion = 10.0.40219.1
Project("{FAE04EC0-301F-11D3-BF4B-00C04F79EFBC}") = "PB12EXAM", "PB12EXAM\PB12EXAM.csproj", "{57216664-B051-484D-A29B-1FA16DE1B25F}"
EndProject
Global
	GlobalSection(SolutionConfigurationPlatforms) = preSolution
		Debug|Any CPU = Debug|Any CPU
		Release|Any CPU = Release|Any CPU
	EndGlobalSection
	GlobalSection(ProjectConfigurationPlatforms) = postSolution
		{57216664-B051-484D-A29B-1FA16DE1B25F}.Debug|Any CPU.ActiveCfg = Debug|Any CPU
		{57216664-B051-484D-A29B-1FA16DE1B25F}.Debug|Any CPU.Build.0 = Debug|Any CPU
		{57216664-B051-484D-A29B-1FA16DE1B25F}.Release|Any CPU.ActiveCfg = Release|Any CPU
		{57216664-B051-484D-A29B-1FA16DE1B25F}.Release|Any CPU.Build.0 = Release|Any CPU
	EndGlobalSection
	GlobalSection(SolutionProperties) = preSolution
		HideSolutionNode = FALSE
	EndGlobalSection
	GlobalSection(ExtensibilityGlobals) = postSolution
		SolutionGuid = {A4207ED7-16E4-4A43-9315-15A876D6C494}
	EndGlobalSection
EndGlobal
