
Microsoft Visual Studio Solution File, Format Version 12.00
# Visual Studio Version 16
VisualStudioVersion = 16.0.29503.13
MinimumVisualStudioVersion = 10.0.40219.1
Project("{FAE04EC0-301F-11D3-BF4B-00C04F79EFBC}") = "PB5EXAM", "PB5EXAM\PB5EXAM.csproj", "{D3C70112-E3EE-4456-8E50-34903A5B08DB}"
EndProject
Global
	GlobalSection(SolutionConfigurationPlatforms) = preSolution
		Debug|Any CPU = Debug|Any CPU
		Release|Any CPU = Release|Any CPU
	EndGlobalSection
	GlobalSection(ProjectConfigurationPlatforms) = postSolution
		{D3C70112-E3EE-4456-8E50-34903A5B08DB}.Debug|Any CPU.ActiveCfg = Debug|Any CPU
		{D3C70112-E3EE-4456-8E50-34903A5B08DB}.Debug|Any CPU.Build.0 = Debug|Any CPU
		{D3C70112-E3EE-4456-8E50-34903A5B08DB}.Release|Any CPU.ActiveCfg = Release|Any CPU
		{D3C70112-E3EE-4456-8E50-34903A5B08DB}.Release|Any CPU.Build.0 = Release|Any CPU
	EndGlobalSection
	GlobalSection(SolutionProperties) = preSolution
		HideSolutionNode = FALSE
	EndGlobalSection
	GlobalSection(ExtensibilityGlobals) = postSolution
		SolutionGuid = {4359BDF1-F227-4FE6-A53D-2C37D04087E9}
	EndGlobalSection
EndGlobal
